
Microsoft Visual Studio Solution File, Format Version 12.00
# Visual Studio Version 16
VisualStudioVersion = 16.0.31105.61
MinimumVisualStudioVersion = 10.0.40219.1
Project("{9A19103F-16F7-4668-BE54-9A1E7A4F7556}") = "Prescription.Web", "Prescription\Prescription.Web.csproj", "{885B9228-8BD2-4DB3-99BA-6E8EE8DE3C2C}"
EndProject
Project("{9A19103F-16F7-4668-BE54-9A1E7A4F7556}") = "Prescription.Domain", "Prescription.Domain\Prescription.Domain.csproj", "{14735C9A-9812-44E7-BE15-4DE9CECD0DD0}"
EndProject
Project("{9A19103F-16F7-4668-BE54-9A1E7A4F7556}") = "Prescription.Infrastructure", "Presciption.Infrastructure\Prescription.Infrastructure.csproj", "{EDB1853D-F43A-486A-B087-B4C9458037C7}"
EndProject
Global
	GlobalSection(SolutionConfigurationPlatforms) = preSolution
		Debug|Any CPU = Debug|Any CPU
		Release|Any CPU = Release|Any CPU
	EndGlobalSection
	GlobalSection(ProjectConfigurationPlatforms) = postSolution
		{885B9228-8BD2-4DB3-99BA-6E8EE8DE3C2C}.Debug|Any CPU.ActiveCfg = Debug|Any CPU
		{885B9228-8BD2-4DB3-99BA-6E8EE8DE3C2C}.Debug|Any CPU.Build.0 = Debug|Any CPU
		{885B9228-8BD2-4DB3-99BA-6E8EE8DE3C2C}.Release|Any CPU.ActiveCfg = Release|Any CPU
		{885B9228-8BD2-4DB3-99BA-6E8EE8DE3C2C}.Release|Any CPU.Build.0 = Release|Any CPU
		{14735C9A-9812-44E7-BE15-4DE9CECD0DD0}.Debug|Any CPU.ActiveCfg = Debug|Any CPU
		{14735C9A-9812-44E7-BE15-4DE9CECD0DD0}.Debug|Any CPU.Build.0 = Debug|Any CPU
		{14735C9A-9812-44E7-BE15-4DE9CECD0DD0}.Release|Any CPU.ActiveCfg = Release|Any CPU
		{14735C9A-9812-44E7-BE15-4DE9CECD0DD0}.Release|Any CPU.Build.0 = Release|Any CPU
		{EDB1853D-F43A-486A-B087-B4C9458037C7}.Debug|Any CPU.ActiveCfg = Debug|Any CPU
		{EDB1853D-F43A-486A-B087-B4C9458037C7}.Debug|Any CPU.Build.0 = Debug|Any CPU
		{EDB1853D-F43A-486A-B087-B4C9458037C7}.Release|Any CPU.ActiveCfg = Release|Any CPU
		{EDB1853D-F43A-486A-B087-B4C9458037C7}.Release|Any CPU.Build.0 = Release|Any CPU
	EndGlobalSection
	GlobalSection(SolutionProperties) = preSolution
		HideSolutionNode = FALSE
	EndGlobalSection
	GlobalSection(ExtensibilityGlobals) = postSolution
		SolutionGuid = {EA19B33A-525C-4A1E-A831-0784D27DECCA}
	EndGlobalSection
EndGlobal
