
Microsoft Visual Studio Solution File, Format Version 12.00
# Visual Studio Version 16
VisualStudioVersion = 16.0.31019.35
MinimumVisualStudioVersion = 10.0.40219.1
Project("{FAE04EC0-301F-11D3-BF4B-00C04F79EFBC}") = "MedicalAppointments.Web", "MedicalAppointments\MedicalAppointments.Web.csproj", "{32DC256A-50EE-4A0F-A9A6-839B0531BF72}"
EndProject
Project("{FAE04EC0-301F-11D3-BF4B-00C04F79EFBC}") = "MedicalAppointments.Domain", "MedicalAppointments.Domain\MedicalAppointments.Domain.csproj", "{E3EAAAF0-1FAF-43F4-92A3-51105FB50854}"
EndProject
Project("{FAE04EC0-301F-11D3-BF4B-00C04F79EFBC}") = "MedicalAppointments.Infrastructure", "MedicalAppointments.Infrastructure\MedicalAppointments.Infrastructure.csproj", "{4B9AA5F0-8EFE-466B-A96E-21BB4397572F}"
EndProject
Global
	GlobalSection(SolutionConfigurationPlatforms) = preSolution
		Debug|Any CPU = Debug|Any CPU
		Release|Any CPU = Release|Any CPU
	EndGlobalSection
	GlobalSection(ProjectConfigurationPlatforms) = postSolution
		{32DC256A-50EE-4A0F-A9A6-839B0531BF72}.Debug|Any CPU.ActiveCfg = Debug|Any CPU
		{32DC256A-50EE-4A0F-A9A6-839B0531BF72}.Debug|Any CPU.Build.0 = Debug|Any CPU
		{32DC256A-50EE-4A0F-A9A6-839B0531BF72}.Release|Any CPU.ActiveCfg = Release|Any CPU
		{32DC256A-50EE-4A0F-A9A6-839B0531BF72}.Release|Any CPU.Build.0 = Release|Any CPU
		{E3EAAAF0-1FAF-43F4-92A3-51105FB50854}.Debug|Any CPU.ActiveCfg = Debug|Any CPU
		{E3EAAAF0-1FAF-43F4-92A3-51105FB50854}.Debug|Any CPU.Build.0 = Debug|Any CPU
		{E3EAAAF0-1FAF-43F4-92A3-51105FB50854}.Release|Any CPU.ActiveCfg = Release|Any CPU
		{E3EAAAF0-1FAF-43F4-92A3-51105FB50854}.Release|Any CPU.Build.0 = Release|Any CPU
		{4B9AA5F0-8EFE-466B-A96E-21BB4397572F}.Debug|Any CPU.ActiveCfg = Debug|Any CPU
		{4B9AA5F0-8EFE-466B-A96E-21BB4397572F}.Debug|Any CPU.Build.0 = Debug|Any CPU
		{4B9AA5F0-8EFE-466B-A96E-21BB4397572F}.Release|Any CPU.ActiveCfg = Release|Any CPU
		{4B9AA5F0-8EFE-466B-A96E-21BB4397572F}.Release|Any CPU.Build.0 = Release|Any CPU
	EndGlobalSection
	GlobalSection(SolutionProperties) = preSolution
		HideSolutionNode = FALSE
	EndGlobalSection
	GlobalSection(ExtensibilityGlobals) = postSolution
		SolutionGuid = {1CC83D2F-53DD-433E-B0EB-8846EFF0B50D}
	EndGlobalSection
EndGlobal
